
Microsoft Visual Studio Solution File, Format Version 12.00
# Visual Studio Version 16
VisualStudioVersion = 25.0.1700.5
MinimumVisualStudioVersion = 10.0.40219.1
Project("{FAE04EC0-301F-11D3-BF4B-00C04F79EFBC}") = "MVCLibrary", "MVCLibrary\MVCLibrary.csproj", "{0EBDEB59-151E-48C2-A897-128998CF4CF3}"
EndProject
Global
	GlobalSection(SolutionConfigurationPlatforms) = preSolution
		Debug|Any CPU = Debug|Any CPU
		Release|Any CPU = Release|Any CPU
	EndGlobalSection
	GlobalSection(ProjectConfigurationPlatforms) = postSolution
		{0EBDEB59-151E-48C2-A897-128998CF4CF3}.Debug|Any CPU.ActiveCfg = Debug|Any CPU
		{0EBDEB59-151E-48C2-A897-128998CF4CF3}.Debug|Any CPU.Build.0 = Debug|Any CPU
		{0EBDEB59-151E-48C2-A897-128998CF4CF3}.Release|Any CPU.ActiveCfg = Release|Any CPU
		{0EBDEB59-151E-48C2-A897-128998CF4CF3}.Release|Any CPU.Build.0 = Release|Any CPU
	EndGlobalSection
	GlobalSection(SolutionProperties) = preSolution
		HideSolutionNode = FALSE
	EndGlobalSection
	GlobalSection(ExtensibilityGlobals) = postSolution
		SolutionGuid = {F7A3D03A-4F74-4387-9C51-85C271BF6CCA}
	EndGlobalSection
EndGlobal
